
Microsoft Visual Studio Solution File, Format Version 12.00
# Visual Studio Version 17
VisualStudioVersion = 17.12.35527.113
MinimumVisualStudioVersion = 10.0.40219.1
Project("{FAE04EC0-301F-11D3-BF4B-00C04F79EFBC}") = "HTCommander", "src\HTCommander.csproj", "{19A17BAD-F6A6-4706-A50B-485197C37B37}"
EndProject
Project("{FAE04EC0-301F-11D3-BF4B-00C04F79EFBC}") = "HtCommanderUpdater", "Updater\HtCommanderUpdater.csproj", "{4BB4F0AC-D503-4F69-AFBB-DE0DBEA4C5D0}"
EndProject
Project("{54435603-DBB4-11D2-8724-00A0C9A8B90C}") = "HTCommander.setup", "HTCommander.setup\HTCommander.setup.vdproj", "{2977DA98-C215-BAC5-CE53-5298B697DC0B}"
EndProject
Project("{FAE04EC0-301F-11D3-BF4B-00C04F79EFBC}") = "HTCommander.Core", "HTCommander.Core\HTCommander.Core.csproj", "{A1B2C3D4-1111-2222-3333-444455556666}"
EndProject
Project("{FAE04EC0-301F-11D3-BF4B-00C04F79EFBC}") = "HTCommander.Platform.Windows", "HTCommander.Platform.Windows\HTCommander.Platform.Windows.csproj", "{A1B2C3D4-1111-2222-3333-444455557777}"
EndProject
Project("{FAE04EC0-301F-11D3-BF4B-00C04F79EFBC}") = "HTCommander.Platform.Linux", "HTCommander.Platform.Linux\HTCommander.Platform.Linux.csproj", "{A1B2C3D4-1111-2222-3333-444455558888}"
EndProject
Project("{FAE04EC0-301F-11D3-BF4B-00C04F79EFBC}") = "HTCommander.Desktop", "HTCommander.Desktop\HTCommander.Desktop.csproj", "{A1B2C3D4-1111-2222-3333-444455559999}"
EndProject
Global
	GlobalSection(SolutionConfigurationPlatforms) = preSolution
		Debug|Any CPU = Debug|Any CPU
		Release|Any CPU = Release|Any CPU
	EndGlobalSection
	GlobalSection(ProjectConfigurationPlatforms) = postSolution
		{19A17BAD-F6A6-4706-A50B-485197C37B37}.Debug|Any CPU.ActiveCfg = Debug|Any CPU
		{19A17BAD-F6A6-4706-A50B-485197C37B37}.Debug|Any CPU.Build.0 = Debug|Any CPU
		{19A17BAD-F6A6-4706-A50B-485197C37B37}.Release|Any CPU.ActiveCfg = Release|Any CPU
		{19A17BAD-F6A6-4706-A50B-485197C37B37}.Release|Any CPU.Build.0 = Release|Any CPU
		{4BB4F0AC-D503-4F69-AFBB-DE0DBEA4C5D0}.Debug|Any CPU.ActiveCfg = Debug|Any CPU
		{4BB4F0AC-D503-4F69-AFBB-DE0DBEA4C5D0}.Release|Any CPU.ActiveCfg = Release|Any CPU
		{4BB4F0AC-D503-4F69-AFBB-DE0DBEA4C5D0}.Release|Any CPU.Build.0 = Release|Any CPU
		{2977DA98-C215-BAC5-CE53-5298B697DC0B}.Debug|Any CPU.ActiveCfg = Debug
		{2977DA98-C215-BAC5-CE53-5298B697DC0B}.Release|Any CPU.ActiveCfg = Release
		{2977DA98-C215-BAC5-CE53-5298B697DC0B}.Release|Any CPU.Build.0 = Release
		{A1B2C3D4-1111-2222-3333-444455556666}.Debug|Any CPU.ActiveCfg = Debug|Any CPU
		{A1B2C3D4-1111-2222-3333-444455556666}.Debug|Any CPU.Build.0 = Debug|Any CPU
		{A1B2C3D4-1111-2222-3333-444455556666}.Release|Any CPU.ActiveCfg = Release|Any CPU
		{A1B2C3D4-1111-2222-3333-444455556666}.Release|Any CPU.Build.0 = Release|Any CPU
		{A1B2C3D4-1111-2222-3333-444455557777}.Debug|Any CPU.ActiveCfg = Debug|Any CPU
		{A1B2C3D4-1111-2222-3333-444455557777}.Debug|Any CPU.Build.0 = Debug|Any CPU
		{A1B2C3D4-1111-2222-3333-444455557777}.Release|Any CPU.ActiveCfg = Release|Any CPU
		{A1B2C3D4-1111-2222-3333-444455557777}.Release|Any CPU.Build.0 = Release|Any CPU
		{A1B2C3D4-1111-2222-3333-444455558888}.Debug|Any CPU.ActiveCfg = Debug|Any CPU
		{A1B2C3D4-1111-2222-3333-444455558888}.Debug|Any CPU.Build.0 = Debug|Any CPU
		{A1B2C3D4-1111-2222-3333-444455558888}.Release|Any CPU.ActiveCfg = Release|Any CPU
		{A1B2C3D4-1111-2222-3333-444455558888}.Release|Any CPU.Build.0 = Release|Any CPU
		{A1B2C3D4-1111-2222-3333-444455559999}.Debug|Any CPU.ActiveCfg = Debug|Any CPU
		{A1B2C3D4-1111-2222-3333-444455559999}.Debug|Any CPU.Build.0 = Debug|Any CPU
		{A1B2C3D4-1111-2222-3333-444455559999}.Release|Any CPU.ActiveCfg = Release|Any CPU
		{A1B2C3D4-1111-2222-3333-444455559999}.Release|Any CPU.Build.0 = Release|Any CPU
	EndGlobalSection
	GlobalSection(SolutionProperties) = preSolution
		HideSolutionNode = FALSE
	EndGlobalSection
	GlobalSection(ExtensibilityGlobals) = postSolution
		SolutionGuid = {6DD3D3F6-13DE-44B2-89A0-BA8F108E5C25}
	EndGlobalSection
EndGlobal
